
Microsoft Visual Studio Solution File, Format Version 12.00
# Visual Studio Version 16
VisualStudioVersion = 16.0.28729.10
MinimumVisualStudioVersion = 10.0.40219.1
Project("{FAE04EC0-301F-11D3-BF4B-00C04F79EFBC}") = "WpfApp1", "..\WpfApp1\WpfApp1.csproj", "{ACF097BB-7E49-44A8-8481-44AA12C82147}"
EndProject
Project("{FAE04EC0-301F-11D3-BF4B-00C04F79EFBC}") = "ZaidEy", "..\ZaidEy\ZaidEy.csproj", "{2DB51E72-ABE0-42BC-81D0-83C77D16CDE4}"
EndProject
Project("{FAE04EC0-301F-11D3-BF4B-00C04F79EFBC}") = "ShoppingWorld", "ShoppingWorld\ShoppingWorld.csproj", "{9DF4E47C-3A97-4FA5-8ABD-72648D374CAE}"
EndProject
Project("{FAE04EC0-301F-11D3-BF4B-00C04F79EFBC}") = "ConsoleApp1", "ConsoleApp1\ConsoleApp1.csproj", "{8CD1CFA6-44CF-4EDD-B236-65EE68F4B537}"
EndProject
Global
	GlobalSection(SolutionConfigurationPlatforms) = preSolution
		Debug|Any CPU = Debug|Any CPU
		Debug|x64 = Debug|x64
		Debug|x86 = Debug|x86
		Release|Any CPU = Release|Any CPU
		Release|x64 = Release|x64
		Release|x86 = Release|x86
	EndGlobalSection
	GlobalSection(ProjectConfigurationPlatforms) = postSolution
		{ACF097BB-7E49-44A8-8481-44AA12C82147}.Debug|Any CPU.ActiveCfg = Debug|Any CPU
		{ACF097BB-7E49-44A8-8481-44AA12C82147}.Debug|Any CPU.Build.0 = Debug|Any CPU
		{ACF097BB-7E49-44A8-8481-44AA12C82147}.Debug|x64.ActiveCfg = Debug|Any CPU
		{ACF097BB-7E49-44A8-8481-44AA12C82147}.Debug|x64.Build.0 = Debug|Any CPU
		{ACF097BB-7E49-44A8-8481-44AA12C82147}.Debug|x86.ActiveCfg = Debug|Any CPU
		{ACF097BB-7E49-44A8-8481-44AA12C82147}.Debug|x86.Build.0 = Debug|Any CPU
		{ACF097BB-7E49-44A8-8481-44AA12C82147}.Release|Any CPU.ActiveCfg = Release|Any CPU
		{ACF097BB-7E49-44A8-8481-44AA12C82147}.Release|Any CPU.Build.0 = Release|Any CPU
		{ACF097BB-7E49-44A8-8481-44AA12C82147}.Release|x64.ActiveCfg = Release|Any CPU
		{ACF097BB-7E49-44A8-8481-44AA12C82147}.Release|x64.Build.0 = Release|Any CPU
		{ACF097BB-7E49-44A8-8481-44AA12C82147}.Release|x86.ActiveCfg = Release|Any CPU
		{ACF097BB-7E49-44A8-8481-44AA12C82147}.Release|x86.Build.0 = Release|Any CPU
		{2DB51E72-ABE0-42BC-81D0-83C77D16CDE4}.Debug|Any CPU.ActiveCfg = Debug|Any CPU
		{2DB51E72-ABE0-42BC-81D0-83C77D16CDE4}.Debug|Any CPU.Build.0 = Debug|Any CPU
		{2DB51E72-ABE0-42BC-81D0-83C77D16CDE4}.Debug|x64.ActiveCfg = Debug|Any CPU
		{2DB51E72-ABE0-42BC-81D0-83C77D16CDE4}.Debug|x64.Build.0 = Debug|Any CPU
		{2DB51E72-ABE0-42BC-81D0-83C77D16CDE4}.Debug|x86.ActiveCfg = Debug|Any CPU
		{2DB51E72-ABE0-42BC-81D0-83C77D16CDE4}.Debug|x86.Build.0 = Debug|Any CPU
		{2DB51E72-ABE0-42BC-81D0-83C77D16CDE4}.Release|Any CPU.ActiveCfg = Release|Any CPU
		{2DB51E72-ABE0-42BC-81D0-83C77D16CDE4}.Release|Any CPU.Build.0 = Release|Any CPU
		{2DB51E72-ABE0-42BC-81D0-83C77D16CDE4}.Release|x64.ActiveCfg = Release|Any CPU
		{2DB51E72-ABE0-42BC-81D0-83C77D16CDE4}.Release|x64.Build.0 = Release|Any CPU
		{2DB51E72-ABE0-42BC-81D0-83C77D16CDE4}.Release|x86.ActiveCfg = Release|Any CPU
		{2DB51E72-ABE0-42BC-81D0-83C77D16CDE4}.Release|x86.Build.0 = Release|Any CPU
		{9DF4E47C-3A97-4FA5-8ABD-72648D374CAE}.Debug|Any CPU.ActiveCfg = Debug|Any CPU
		{9DF4E47C-3A97-4FA5-8ABD-72648D374CAE}.Debug|Any CPU.Build.0 = Debug|Any CPU
		{9DF4E47C-3A97-4FA5-8ABD-72648D374CAE}.Debug|x64.ActiveCfg = Debug|Any CPU
		{9DF4E47C-3A97-4FA5-8ABD-72648D374CAE}.Debug|x64.Build.0 = Debug|Any CPU
		{9DF4E47C-3A97-4FA5-8ABD-72648D374CAE}.Debug|x86.ActiveCfg = Debug|Any CPU
		{9DF4E47C-3A97-4FA5-8ABD-72648D374CAE}.Debug|x86.Build.0 = Debug|Any CPU
		{9DF4E47C-3A97-4FA5-8ABD-72648D374CAE}.Release|Any CPU.ActiveCfg = Release|Any CPU
		{9DF4E47C-3A97-4FA5-8ABD-72648D374CAE}.Release|Any CPU.Build.0 = Release|Any CPU
		{9DF4E47C-3A97-4FA5-8ABD-72648D374CAE}.Release|x64.ActiveCfg = Release|Any CPU
		{9DF4E47C-3A97-4FA5-8ABD-72648D374CAE}.Release|x64.Build.0 = Release|Any CPU
		{9DF4E47C-3A97-4FA5-8ABD-72648D374CAE}.Release|x86.ActiveCfg = Release|Any CPU
		{9DF4E47C-3A97-4FA5-8ABD-72648D374CAE}.Release|x86.Build.0 = Release|Any CPU
		{8CD1CFA6-44CF-4EDD-B236-65EE68F4B537}.Debug|Any CPU.ActiveCfg = Debug|Any CPU
		{8CD1CFA6-44CF-4EDD-B236-65EE68F4B537}.Debug|Any CPU.Build.0 = Debug|Any CPU
		{8CD1CFA6-44CF-4EDD-B236-65EE68F4B537}.Debug|x64.ActiveCfg = Debug|Any CPU
		{8CD1CFA6-44CF-4EDD-B236-65EE68F4B537}.Debug|x64.Build.0 = Debug|Any CPU
		{8CD1CFA6-44CF-4EDD-B236-65EE68F4B537}.Debug|x86.ActiveCfg = Debug|Any CPU
		{8CD1CFA6-44CF-4EDD-B236-65EE68F4B537}.Debug|x86.Build.0 = Debug|Any CPU
		{8CD1CFA6-44CF-4EDD-B236-65EE68F4B537}.Release|Any CPU.ActiveCfg = Release|Any CPU
		{8CD1CFA6-44CF-4EDD-B236-65EE68F4B537}.Release|Any CPU.Build.0 = Release|Any CPU
		{8CD1CFA6-44CF-4EDD-B236-65EE68F4B537}.Release|x64.ActiveCfg = Release|Any CPU
		{8CD1CFA6-44CF-4EDD-B236-65EE68F4B537}.Release|x64.Build.0 = Release|Any CPU
		{8CD1CFA6-44CF-4EDD-B236-65EE68F4B537}.Release|x86.ActiveCfg = Release|Any CPU
		{8CD1CFA6-44CF-4EDD-B236-65EE68F4B537}.Release|x86.Build.0 = Release|Any CPU
	EndGlobalSection
	GlobalSection(SolutionProperties) = preSolution
		HideSolutionNode = FALSE
	EndGlobalSection
	GlobalSection(ExtensibilityGlobals) = postSolution
		SolutionGuid = {6B6A41DA-2BDA-4F83-906D-2ABB041006B2}
	EndGlobalSection
EndGlobal
