{
  "requires": true,
  "lockfileVersion": 1,
  "dependencies": {
    "types-registry": {
      "version": "0.1.432",
      "resolved": "https://registry.npmjs.org/types-registry/-/types-registry-0.1.432.tgz",
      "integrity": "sha512-tSX7NB5FJ+QQIUOi1141T395A2598JqKHVdHdygCw/1YcK9y5R+ws815dPND3y7xW9kHVu6ZmmR8fbxCsTu7Gw=="
    }
  }
}
